
Microsoft Visual Studio Solution File, Format Version 12.00
# Visual Studio Version 16
VisualStudioVersion = 16.0.32228.343
MinimumVisualStudioVersion = 10.0.40219.1
Project("{FAE04EC0-301F-11D3-BF4B-00C04F79EFBC}") = "FlexRigLib.Net", "FlexRigLib.Net\FlexRigLib.Net.csproj", "{D7BAC04C-48C1-41E1-A214-611EDE638788}"
EndProject
Project("{FAE04EC0-301F-11D3-BF4B-00C04F79EFBC}") = "TesterApp", "TesterApp\TesterApp.csproj", "{A15ECD81-AE8D-4438-A22A-C9316CA4290B}"
EndProject
Global
	GlobalSection(SolutionConfigurationPlatforms) = preSolution
		Debug|Any CPU = Debug|Any CPU
		Release|Any CPU = Release|Any CPU
	EndGlobalSection
	GlobalSection(ProjectConfigurationPlatforms) = postSolution
		{D7BAC04C-48C1-41E1-A214-611EDE638788}.Debug|Any CPU.ActiveCfg = Debug|Any CPU
		{D7BAC04C-48C1-41E1-A214-611EDE638788}.Debug|Any CPU.Build.0 = Debug|Any CPU
		{D7BAC04C-48C1-41E1-A214-611EDE638788}.Release|Any CPU.ActiveCfg = Release|Any CPU
		{D7BAC04C-48C1-41E1-A214-611EDE638788}.Release|Any CPU.Build.0 = Release|Any CPU
		{A15ECD81-AE8D-4438-A22A-C9316CA4290B}.Debug|Any CPU.ActiveCfg = Debug|Any CPU
		{A15ECD81-AE8D-4438-A22A-C9316CA4290B}.Debug|Any CPU.Build.0 = Debug|Any CPU
		{A15ECD81-AE8D-4438-A22A-C9316CA4290B}.Release|Any CPU.ActiveCfg = Release|Any CPU
		{A15ECD81-AE8D-4438-A22A-C9316CA4290B}.Release|Any CPU.Build.0 = Release|Any CPU
	EndGlobalSection
	GlobalSection(SolutionProperties) = preSolution
		HideSolutionNode = FALSE
	EndGlobalSection
	GlobalSection(ExtensibilityGlobals) = postSolution
		SolutionGuid = {41A6F5B6-2205-409D-BE79-9474E4C11FF4}
	EndGlobalSection
EndGlobal
